<?xml version="1.0" encoding="utf-8"?>
<Project ToolsVersion="4.0" xmlns="http://schemas.microsoft.com/developer/msbuild/2003">
  <ItemGroup>
    <Filter Include="リソース ファイル">
      <UniqueIdentifier>{67DA6AB6-F800-4c08-8B7A-83BB121AAD01}</UniqueIdentifier>
      <Extensions>rc;ico;cur;bmp;dlg;rc2;rct;bin;rgs;gif;jpg;jpeg;jpe;resx;tiff;tif;png;wav;mfcribbon-ms</Extensions>
    </Filter>
    <Filter Include="ImGUI">
      <UniqueIdentifier>{bd412dbb-8b3e-42a9-a1cd-6e3b7126d5ce}</UniqueIdentifier>
    </Filter>
    <Filter Include="Source">
      <UniqueIdentifier>{4FC737F1-C7A5-4376-A066-2A32D752A2FF}</UniqueIdentifier>
      <Extensions>cpp;c;cc;cxx;c++;cppm;ixx;def;odl;idl;hpj;bat;asm;asmx</Extensions>
    </Filter>
    <Filter Include="Source\Gui">
      <UniqueIdentifier>{79dd6d11-35f6-4175-95f4-e1abb2d413bd}</UniqueIdentifier>
    </Filter>
    <Filter Include="Header">
      <UniqueIdentifier>{93995380-89BD-4b04-88EB-625FBE52EBFB}</UniqueIdentifier>
      <Extensions>h;hh;hpp;hxx;h++;hm;inl;inc;ipp;xsd</Extensions>
    </Filter>
    <Filter Include="Source\Render">
      <UniqueIdentifier>{0cd6b8a8-b44a-41d8-98cd-686e7f36ec4f}</UniqueIdentifier>
    </Filter>
    <Filter Include="Header\Render">
      <UniqueIdentifier>{1edb732b-13ca-4c1b-ac35-75dc673cdede}</UniqueIdentifier>
    </Filter>
    <Filter Include="Source\Developer">
      <UniqueIdentifier>{ceedb053-8fb4-4651-9a6f-187337a3c996}</UniqueIdentifier>
    </Filter>
    <Filter Include="Source\Developer\Input">
      <UniqueIdentifier>{3bf80bd3-9b30-4f5b-8de2-f6e3f60626c3}</UniqueIdentifier>
    </Filter>
    <Filter Include="Header\Developer">
      <UniqueIdentifier>{d19aa256-ee51-47f2-b6f2-a9b283408773}</UniqueIdentifier>
    </Filter>
    <Filter Include="Header\Developer\Input">
      <UniqueIdentifier>{bd90a779-2263-4b95-9523-3cf86543769f}</UniqueIdentifier>
    </Filter>
    <Filter Include="Source\Developer\Util">
      <UniqueIdentifier>{05acc0a5-2e3c-4e6c-ae62-b2401ee4f0bb}</UniqueIdentifier>
    </Filter>
    <Filter Include="Header\Developer\Util">
      <UniqueIdentifier>{c114a9f0-fd56-40e7-9188-5a7ec45f430e}</UniqueIdentifier>
    </Filter>
    <Filter Include="Source\Developer\Object">
      <UniqueIdentifier>{117a8dd3-3ddc-41ce-9f23-ae9983cf8c86}</UniqueIdentifier>
    </Filter>
    <Filter Include="Source\Developer\Object\Object3D">
      <UniqueIdentifier>{ac670bac-76b7-4485-be61-793c005e8cdf}</UniqueIdentifier>
    </Filter>
    <Filter Include="Source\Developer\Object\Object2D">
      <UniqueIdentifier>{f53c939f-8689-4e71-8f1e-76adc2adba10}</UniqueIdentifier>
    </Filter>
    <Filter Include="Source\Developer\Object\Other">
      <UniqueIdentifier>{39eabe2a-4601-4599-a0bc-87a28b0c2e44}</UniqueIdentifier>
    </Filter>
    <Filter Include="Header\Developer\Object">
      <UniqueIdentifier>{caa4cac8-a121-40ae-a325-bb27cdcea57d}</UniqueIdentifier>
    </Filter>
    <Filter Include="Header\Developer\Object\Object3D">
      <UniqueIdentifier>{77c437cb-71c6-4003-9cb4-b1fa2f2d2796}</UniqueIdentifier>
    </Filter>
    <Filter Include="Header\Developer\Object\Object2D">
      <UniqueIdentifier>{27f66026-8aa8-4bfd-9e12-a340ca0bed29}</UniqueIdentifier>
    </Filter>
    <Filter Include="Header\Developer\Object\Other">
      <UniqueIdentifier>{4a7d6d31-2394-4009-9928-b7ca79df5161}</UniqueIdentifier>
    </Filter>
    <Filter Include="Source\Developer\Math">
      <UniqueIdentifier>{1372c687-48b5-4467-9b55-0b4b24d494db}</UniqueIdentifier>
    </Filter>
    <Filter Include="Header\Developer\Math">
      <UniqueIdentifier>{590935c1-a828-435e-8837-a3f876a738f6}</UniqueIdentifier>
    </Filter>
    <Filter Include="Source\Developer\Debug">
      <UniqueIdentifier>{dea8a3b4-6a87-470c-aacd-5fb18e84c25e}</UniqueIdentifier>
    </Filter>
    <Filter Include="Header\Developer\Debug">
      <UniqueIdentifier>{57813e76-e1c1-4b39-b6a1-2e767e0fd812}</UniqueIdentifier>
    </Filter>
    <Filter Include="Header\Gui">
      <UniqueIdentifier>{256f88ef-ad73-45a9-a226-583307bda5de}</UniqueIdentifier>
    </Filter>
    <Filter Include="Source\Render\Buffer">
      <UniqueIdentifier>{d2a9d334-35c1-4264-9900-6d58bd7e450b}</UniqueIdentifier>
    </Filter>
    <Filter Include="Header\Render\Buffer">
      <UniqueIdentifier>{b7bd0bb9-118e-4ba2-acc1-de14edef096b}</UniqueIdentifier>
    </Filter>
    <Filter Include="Shader">
      <UniqueIdentifier>{ebea575b-6f4d-4e6e-b893-a47bace55e10}</UniqueIdentifier>
    </Filter>
    <Filter Include="Header\Developer\Component">
      <UniqueIdentifier>{adf165e6-eeec-4fde-9113-9620645ca794}</UniqueIdentifier>
    </Filter>
    <Filter Include="Source\Developer\Component">
      <UniqueIdentifier>{dad0205d-fcef-4700-8c16-9784e303e65e}</UniqueIdentifier>
    </Filter>
  </ItemGroup>
  <ItemGroup>
    <ClCompile Include="ImGUI\imgui.cpp">
      <Filter>ImGUI</Filter>
    </ClCompile>
    <ClCompile Include="ImGUI\imgui_demo.cpp">
      <Filter>ImGUI</Filter>
    </ClCompile>
    <ClCompile Include="ImGUI\imgui_draw.cpp">
      <Filter>ImGUI</Filter>
    </ClCompile>
    <ClCompile Include="ImGUI\imgui_impl_dx12.cpp">
      <Filter>ImGUI</Filter>
    </ClCompile>
    <ClCompile Include="ImGUI\imgui_impl_win32.cpp">
      <Filter>ImGUI</Filter>
    </ClCompile>
    <ClCompile Include="ImGUI\imgui_tables.cpp">
      <Filter>ImGUI</Filter>
    </ClCompile>
    <ClCompile Include="ImGUI\imgui_widgets.cpp">
      <Filter>ImGUI</Filter>
    </ClCompile>
    <ClCompile Include="NewEngine\Source\Developer\Input\InputManager.cpp">
      <Filter>Source\Developer\Input</Filter>
    </ClCompile>
    <ClCompile Include="NewEngine\Source\Developer\Input\JoypadInput.cpp">
      <Filter>Source\Developer\Input</Filter>
    </ClCompile>
    <ClCompile Include="NewEngine\Source\Developer\Input\KeyBoardInput.cpp">
      <Filter>Source\Developer\Input</Filter>
    </ClCompile>
    <ClCompile Include="NewEngine\Source\Developer\Input\MouseInput.cpp">
      <Filter>Source\Developer\Input</Filter>
    </ClCompile>
    <ClCompile Include="NewEngine\Source\Developer\Util\Color.cpp">
      <Filter>Source\Developer\Util</Filter>
    </ClCompile>
    <ClCompile Include="NewEngine\Source\Developer\Util\Random.cpp">
      <Filter>Source\Developer\Util</Filter>
    </ClCompile>
    <ClCompile Include="NewEngine\Source\Developer\Util\Util.cpp">
      <Filter>Source\Developer\Util</Filter>
    </ClCompile>
    <ClCompile Include="NewEngine\Source\Developer\Object\Object2D\RenderTexture.cpp">
      <Filter>Source\Developer\Object\Object2D</Filter>
    </ClCompile>
    <ClCompile Include="NewEngine\Source\Developer\Object\Object3D\Object3D.cpp">
      <Filter>Source\Developer\Object\Object3D</Filter>
    </ClCompile>
    <ClCompile Include="NewEngine\Source\Developer\Object\Other\DrawManager.cpp">
      <Filter>Source\Developer\Object\Other</Filter>
    </ClCompile>
    <ClCompile Include="NewEngine\Source\Developer\Object\Other\ObjectManager.cpp">
      <Filter>Source\Developer\Object\Other</Filter>
    </ClCompile>
    <ClCompile Include="NewEngine\Source\Developer\Math\Mat4.cpp">
      <Filter>Source\Developer\Math</Filter>
    </ClCompile>
    <ClCompile Include="NewEngine\Source\Developer\Math\MathUtil.cpp">
      <Filter>Source\Developer\Math</Filter>
    </ClCompile>
    <ClCompile Include="NewEngine\Source\Developer\Math\Vec2.cpp">
      <Filter>Source\Developer\Math</Filter>
    </ClCompile>
    <ClCompile Include="NewEngine\Source\Developer\Math\Vec3.cpp">
      <Filter>Source\Developer\Math</Filter>
    </ClCompile>
    <ClCompile Include="NewEngine\Source\Developer\Math\Vec4.cpp">
      <Filter>Source\Developer\Math</Filter>
    </ClCompile>
    <ClCompile Include="NewEngine\Source\Developer\Debug\DebugManager.cpp">
      <Filter>Source\Developer\Debug</Filter>
    </ClCompile>
    <ClCompile Include="NewEngine\Source\Developer\Debug\DebugText.cpp">
      <Filter>Source\Developer\Debug</Filter>
    </ClCompile>
    <ClCompile Include="NewEngine\Source\Render\Buffer\ConstantBuffer.cpp">
      <Filter>Source\Render\Buffer</Filter>
    </ClCompile>
    <ClCompile Include="NewEngine\Source\Render\Buffer\IndexBuffer.cpp">
      <Filter>Source\Render\Buffer</Filter>
    </ClCompile>
    <ClCompile Include="NewEngine\Source\Render\Buffer\TextureBuffer.cpp">
      <Filter>Source\Render\Buffer</Filter>
    </ClCompile>
    <ClCompile Include="NewEngine\Source\Render\Buffer\VertexBuffer.cpp">
      <Filter>Source\Render\Buffer</Filter>
    </ClCompile>
    <ClCompile Include="NewEngine\Source\Render\RenderBase.cpp">
      <Filter>Source\Render</Filter>
    </ClCompile>
    <ClCompile Include="NewEngine\Source\Render\RenderWindow.cpp">
      <Filter>Source\Render</Filter>
    </ClCompile>
    <ClCompile Include="NewEngine\Source\Render\ScissorRectangle.cpp">
      <Filter>Source\Render</Filter>
    </ClCompile>
    <ClCompile Include="NewEngine\Source\Render\Viewport.cpp">
      <Filter>Source\Render</Filter>
    </ClCompile>
    <ClCompile Include="NewEngine\Source\Gui\UserLayer.cpp">
      <Filter>Source\Gui</Filter>
    </ClCompile>
    <ClCompile Include="NewEngine\Source\Gui\GuiManager.cpp">
      <Filter>Source\Gui</Filter>
    </ClCompile>
    <ClCompile Include="NewEngine\Source\Gui\HierarchyLayer.cpp">
      <Filter>Source\Gui</Filter>
    </ClCompile>
    <ClCompile Include="NewEngine\Source\Gui\MainLayer.cpp">
      <Filter>Source\Gui</Filter>
    </ClCompile>
    <ClCompile Include="NewEngine\Source\Gui\ProjectLayer.cpp">
      <Filter>Source\Gui</Filter>
    </ClCompile>
    <ClCompile Include="NewEngine\Source\Gui\SceneLayer.cpp">
      <Filter>Source\Gui</Filter>
    </ClCompile>
    <ClCompile Include="NewEngine\main.cpp">
      <Filter>Source</Filter>
    </ClCompile>
    <ClCompile Include="NewEngine\main2.cpp">
      <Filter>Source</Filter>
    </ClCompile>
    <ClCompile Include="NewEngine\Source\Developer\Object\Other\GameObject.cpp">
      <Filter>Source\Developer\Object\Other</Filter>
    </ClCompile>
    <ClCompile Include="NewEngine\Source\Developer\Component\Transform.cpp">
      <Filter>Source\Developer\Component</Filter>
    </ClCompile>
    <ClCompile Include="NewEngine\Source\Gui\InspectorLayer.cpp">
      <Filter>Source\Gui</Filter>
    </ClCompile>
    <ClCompile Include="NewEngine\Source\Developer\Debug\DebugCamera.cpp">
      <Filter>Source\Developer\Debug</Filter>
    </ClCompile>
    <ClCompile Include="NewEngine\Source\Developer\DeveloperManager.cpp">
      <Filter>Source\Developer</Filter>
    </ClCompile>
    <ClCompile Include="NewEngine\Source\Developer\Object\Other\ViewProjection.cpp">
      <Filter>Source\Developer\Object\Other</Filter>
    </ClCompile>
    <ClCompile Include="NewEngine\Source\Developer\Sound.cpp">
      <Filter>Source\Developer</Filter>
    </ClCompile>
    <ClCompile Include="NewEngine\Source\Developer\Component\ComponentManager.cpp">
      <Filter>Source\Developer\Component</Filter>
    </ClCompile>
    <ClCompile Include="NewEngine\Source\Developer\Component\Texture.cpp">
      <Filter>Source\Developer\Component</Filter>
    </ClCompile>
    <ClCompile Include="NewEngine\NewEngine.cpp">
      <Filter>Source</Filter>
    </ClCompile>
    <ClCompile Include="NewEngine\Source\Developer\Math\Quaternion.cpp">
      <Filter>Source\Developer\Math</Filter>
    </ClCompile>
    <ClCompile Include="NewEngine\Source\Developer\Object\Object2D\Sprite.cpp">
      <Filter>Source\Developer\Object\Object2D</Filter>
    </ClCompile>
    <ClCompile Include="NewEngine\Source\Developer\Component\Tag.cpp">
      <Filter>Source\Developer\Component</Filter>
    </ClCompile>
    <ClCompile Include="NewEngine\Source\DataOperator.cpp">
      <Filter>Source</Filter>
    </ClCompile>
    <ClCompile Include="NewEngine\Source\Developer\Component\ModelData.cpp">
      <Filter>Source\Developer\Component</Filter>
    </ClCompile>
    <ClCompile Include="NewEngine\Source\Developer\Component\Collider.cpp">
      <Filter>Source\Developer\Component</Filter>
    </ClCompile>
    <ClCompile Include="NewEngine\Source\Developer\Component\IComponent.cpp">
      <Filter>Source\Developer\Component</Filter>
    </ClCompile>
  </ItemGroup>
  <ItemGroup>
    <FxCompile Include="BasicPS.hlsl">
      <Filter>Shader</Filter>
    </FxCompile>
    <FxCompile Include="BasicVS.hlsl">
      <Filter>Shader</Filter>
    </FxCompile>
    <FxCompile Include="BasicPS2.hlsl">
      <Filter>Shader</Filter>
    </FxCompile>
  </ItemGroup>
  <ItemGroup>
    <ClInclude Include="ImGUI\imconfig.h">
      <Filter>ImGUI</Filter>
    </ClInclude>
    <ClInclude Include="ImGUI\imgui.h">
      <Filter>ImGUI</Filter>
    </ClInclude>
    <ClInclude Include="ImGUI\imgui_impl_dx12.h">
      <Filter>ImGUI</Filter>
    </ClInclude>
    <ClInclude Include="ImGUI\imgui_impl_win32.h">
      <Filter>ImGUI</Filter>
    </ClInclude>
    <ClInclude Include="ImGUI\imgui_internal.h">
      <Filter>ImGUI</Filter>
    </ClInclude>
    <ClInclude Include="ImGUI\imstb_rectpack.h">
      <Filter>ImGUI</Filter>
    </ClInclude>
    <ClInclude Include="ImGUI\imstb_textedit.h">
      <Filter>ImGUI</Filter>
    </ClInclude>
    <ClInclude Include="ImGUI\imstb_truetype.h">
      <Filter>ImGUI</Filter>
    </ClInclude>
    <ClInclude Include="NewEngine\Header\Developer\Input\InputManager.h">
      <Filter>Header\Developer\Input</Filter>
    </ClInclude>
    <ClInclude Include="NewEngine\Header\Developer\Input\JoypadInput.h">
      <Filter>Header\Developer\Input</Filter>
    </ClInclude>
    <ClInclude Include="NewEngine\Header\Developer\Input\KeyBoardInput.h">
      <Filter>Header\Developer\Input</Filter>
    </ClInclude>
    <ClInclude Include="NewEngine\Header\Developer\Input\MouseInput.h">
      <Filter>Header\Developer\Input</Filter>
    </ClInclude>
    <ClInclude Include="NewEngine\Header\Developer\Util\Util.h">
      <Filter>Header\Developer\Util</Filter>
    </ClInclude>
    <ClInclude Include="NewEngine\Header\Developer\Util\Color.h">
      <Filter>Header\Developer\Util</Filter>
    </ClInclude>
    <ClInclude Include="NewEngine\Header\Developer\Util\Random.h">
      <Filter>Header\Developer\Util</Filter>
    </ClInclude>
    <ClInclude Include="NewEngine\Header\Developer\Object\Object2D\RenderTexture.h">
      <Filter>Header\Developer\Object\Object2D</Filter>
    </ClInclude>
    <ClInclude Include="NewEngine\Header\Developer\Object\Object3D\Object3D.h">
      <Filter>Header\Developer\Object\Object3D</Filter>
    </ClInclude>
    <ClInclude Include="NewEngine\Header\Developer\Object\Other\DrawManager.h">
      <Filter>Header\Developer\Object\Other</Filter>
    </ClInclude>
    <ClInclude Include="NewEngine\Header\Developer\Object\Other\ObjectManager.h">
      <Filter>Header\Developer\Object\Other</Filter>
    </ClInclude>
    <ClInclude Include="NewEngine\Header\Developer\Math\Mat4.h">
      <Filter>Header\Developer\Math</Filter>
    </ClInclude>
    <ClInclude Include="NewEngine\Header\Developer\Math\MathUtil.h">
      <Filter>Header\Developer\Math</Filter>
    </ClInclude>
    <ClInclude Include="NewEngine\Header\Developer\Math\Vec2.h">
      <Filter>Header\Developer\Math</Filter>
    </ClInclude>
    <ClInclude Include="NewEngine\Header\Developer\Math\Vec3.h">
      <Filter>Header\Developer\Math</Filter>
    </ClInclude>
    <ClInclude Include="NewEngine\Header\Developer\Math\Vec4.h">
      <Filter>Header\Developer\Math</Filter>
    </ClInclude>
    <ClInclude Include="NewEngine\Header\Developer\Debug\DebugManager.h">
      <Filter>Header\Developer\Debug</Filter>
    </ClInclude>
    <ClInclude Include="NewEngine\Header\Developer\Debug\DebugText.h">
      <Filter>Header\Developer\Debug</Filter>
    </ClInclude>
    <ClInclude Include="NewEngine\Header\Render\RenderBase.h">
      <Filter>Header\Render</Filter>
    </ClInclude>
    <ClInclude Include="NewEngine\Header\Render\Buffer\ConstantBuffer.h">
      <Filter>Header\Render\Buffer</Filter>
    </ClInclude>
    <ClInclude Include="NewEngine\Header\Render\Buffer\IndexBuffer.h">
      <Filter>Header\Render\Buffer</Filter>
    </ClInclude>
    <ClInclude Include="NewEngine\Header\Render\Buffer\TextureBuffer.h">
      <Filter>Header\Render\Buffer</Filter>
    </ClInclude>
    <ClInclude Include="NewEngine\Header\Render\Buffer\VertexBuffer.h">
      <Filter>Header\Render\Buffer</Filter>
    </ClInclude>
    <ClInclude Include="NewEngine\Header\Render\RenderWindow.h">
      <Filter>Header\Render</Filter>
    </ClInclude>
    <ClInclude Include="NewEngine\Header\Render\ScissorRectangle.h">
      <Filter>Header\Render</Filter>
    </ClInclude>
    <ClInclude Include="NewEngine\Header\Render\Vertex.h">
      <Filter>Header\Render</Filter>
    </ClInclude>
    <ClInclude Include="NewEngine\Header\Render\Viewport.h">
      <Filter>Header\Render</Filter>
    </ClInclude>
    <ClInclude Include="NewEngine\Header\Gui\UserLayer.h">
      <Filter>Header\Gui</Filter>
    </ClInclude>
    <ClInclude Include="NewEngine\Header\Gui\GuiManager.h">
      <Filter>Header\Gui</Filter>
    </ClInclude>
    <ClInclude Include="NewEngine\Header\Gui\HierarchyLayer.h">
      <Filter>Header\Gui</Filter>
    </ClInclude>
    <ClInclude Include="NewEngine\Header\Gui\ILayer.h">
      <Filter>Header\Gui</Filter>
    </ClInclude>
    <ClInclude Include="NewEngine\Header\Gui\MainLayer.h">
      <Filter>Header\Gui</Filter>
    </ClInclude>
    <ClInclude Include="NewEngine\Header\Gui\ProjectLayer.h">
      <Filter>Header\Gui</Filter>
    </ClInclude>
    <ClInclude Include="NewEngine\Header\Gui\SceneLayer.h">
      <Filter>Header\Gui</Filter>
    </ClInclude>
    <ClInclude Include="NewEngine\main2.h">
      <Filter>Header</Filter>
    </ClInclude>
    <ClInclude Include="NewEngine\NewEngine.h">
      <Filter>Header</Filter>
    </ClInclude>
    <ClInclude Include="NewEngine\Header\Developer\Object\Other\GameObject.h">
      <Filter>Header\Developer\Object\Other</Filter>
    </ClInclude>
    <ClInclude Include="NewEngine\Header\Developer\Component\IComponent.h">
      <Filter>Header\Developer\Component</Filter>
    </ClInclude>
    <ClInclude Include="NewEngine\Header\Developer\Component\Transform.h">
      <Filter>Header\Developer\Component</Filter>
    </ClInclude>
    <ClInclude Include="NewEngine\Header\Gui\InspectorLayer.h">
      <Filter>Header\Gui</Filter>
    </ClInclude>
    <ClInclude Include="NewEngine\Header\Developer\Debug\DebugCamera.h">
      <Filter>Header\Developer\Debug</Filter>
    </ClInclude>
    <ClInclude Include="NewEngine\Header\Developer\DeveloperManager.h">
      <Filter>Header\Developer</Filter>
    </ClInclude>
    <ClInclude Include="NewEngine\Header\Developer\Object\Other\ViewProjection.h">
      <Filter>Header\Developer\Object\Other</Filter>
    </ClInclude>
    <ClInclude Include="NewEngine\Header\Developer\Sound.h">
      <Filter>Header\Developer</Filter>
    </ClInclude>
    <ClInclude Include="NewEngine\Header\Developer\Component\ComponentManager.h">
      <Filter>Header\Developer\Component</Filter>
    </ClInclude>
    <ClInclude Include="NewEngine\Header\Developer\Component\Texture.h">
      <Filter>Header\Developer\Component</Filter>
    </ClInclude>
    <ClInclude Include="NewEngine\Header\Developer\Math\Quaternion.h">
      <Filter>Header\Developer\Math</Filter>
    </ClInclude>
    <ClInclude Include="NewEngine\Header\Developer\Object\Object2D\Sprite.h">
      <Filter>Header\Developer\Object\Object2D</Filter>
    </ClInclude>
    <ClInclude Include="NewEngine\Header\Developer\Component\Tag.h">
      <Filter>Header\Developer\Component</Filter>
    </ClInclude>
    <ClInclude Include="NewEngine\Header\DataOperator.h">
      <Filter>Header</Filter>
    </ClInclude>
    <ClInclude Include="NewEngine\Header\Developer\Component\ModelData.h">
      <Filter>Header\Developer\Component</Filter>
    </ClInclude>
    <ClInclude Include="NewEngine\Header\Developer\Component\Collider.h">
      <Filter>Header\Developer\Component</Filter>
    </ClInclude>
  </ItemGroup>
  <ItemGroup>
    <None Include="Basic.hlsli">
      <Filter>Shader</Filter>
    </None>
  </ItemGroup>
</Project>