<?xml version="1.0" encoding="utf-8"?>
<Project ToolsVersion="4.0" xmlns="http://schemas.microsoft.com/developer/msbuild/2003">
  <ItemGroup>
    <Filter Include="リソース ファイル">
      <UniqueIdentifier>{67DA6AB6-F800-4c08-8B7A-83BB121AAD01}</UniqueIdentifier>
      <Extensions>rc;ico;cur;bmp;dlg;rc2;rct;bin;rgs;gif;jpg;jpeg;jpe;resx;tiff;tif;png;wav;mfcribbon-ms</Extensions>
    </Filter>
    <Filter Include="シェーダーファイル">
      <UniqueIdentifier>{ebea575b-6f4d-4e6e-b893-a47bace55e10}</UniqueIdentifier>
    </Filter>
    <Filter Include="ImGUI">
      <UniqueIdentifier>{bd412dbb-8b3e-42a9-a1cd-6e3b7126d5ce}</UniqueIdentifier>
    </Filter>
    <Filter Include="Source">
      <UniqueIdentifier>{4FC737F1-C7A5-4376-A066-2A32D752A2FF}</UniqueIdentifier>
      <Extensions>cpp;c;cc;cxx;c++;cppm;ixx;def;odl;idl;hpj;bat;asm;asmx</Extensions>
    </Filter>
    <Filter Include="Source\NewEngine">
      <UniqueIdentifier>{0ed94fb9-65a2-480d-bc91-3d213843b359}</UniqueIdentifier>
    </Filter>
    <Filter Include="Source\NewEngine\Buffer">
      <UniqueIdentifier>{08846fad-8ac1-4802-bf33-5a48ba8e3d65}</UniqueIdentifier>
    </Filter>
    <Filter Include="Source\Debug">
      <UniqueIdentifier>{20bc4921-2e3c-4374-afed-0329488c3722}</UniqueIdentifier>
    </Filter>
    <Filter Include="Source\Gui">
      <UniqueIdentifier>{79dd6d11-35f6-4175-95f4-e1abb2d413bd}</UniqueIdentifier>
    </Filter>
    <Filter Include="Header">
      <UniqueIdentifier>{93995380-89BD-4b04-88EB-625FBE52EBFB}</UniqueIdentifier>
      <Extensions>h;hh;hpp;hxx;h++;hm;inl;inc;ipp;xsd</Extensions>
    </Filter>
    <Filter Include="Header\NewEngine">
      <UniqueIdentifier>{66065a04-0a3b-494c-8c3d-6c8c2f23527c}</UniqueIdentifier>
    </Filter>
    <Filter Include="Header\NewEngine\Buffer">
      <UniqueIdentifier>{b7bd0bb9-118e-4ba2-acc1-de14edef096b}</UniqueIdentifier>
    </Filter>
    <Filter Include="Header\GUII">
      <UniqueIdentifier>{256f88ef-ad73-45a9-a226-583307bda5de}</UniqueIdentifier>
    </Filter>
    <Filter Include="Source\Render">
      <UniqueIdentifier>{0cd6b8a8-b44a-41d8-98cd-686e7f36ec4f}</UniqueIdentifier>
    </Filter>
    <Filter Include="Header\Render">
      <UniqueIdentifier>{1edb732b-13ca-4c1b-ac35-75dc673cdede}</UniqueIdentifier>
    </Filter>
    <Filter Include="Source\Developer">
      <UniqueIdentifier>{ceedb053-8fb4-4651-9a6f-187337a3c996}</UniqueIdentifier>
    </Filter>
    <Filter Include="Source\Developer\Input">
      <UniqueIdentifier>{3bf80bd3-9b30-4f5b-8de2-f6e3f60626c3}</UniqueIdentifier>
    </Filter>
    <Filter Include="Header\Developer">
      <UniqueIdentifier>{d19aa256-ee51-47f2-b6f2-a9b283408773}</UniqueIdentifier>
    </Filter>
    <Filter Include="Header\Developer\Input">
      <UniqueIdentifier>{bd90a779-2263-4b95-9523-3cf86543769f}</UniqueIdentifier>
    </Filter>
    <Filter Include="Source\Developer\Util">
      <UniqueIdentifier>{05acc0a5-2e3c-4e6c-ae62-b2401ee4f0bb}</UniqueIdentifier>
    </Filter>
    <Filter Include="Header\Developer\Util">
      <UniqueIdentifier>{c114a9f0-fd56-40e7-9188-5a7ec45f430e}</UniqueIdentifier>
    </Filter>
    <Filter Include="Source\Developer\Object">
      <UniqueIdentifier>{117a8dd3-3ddc-41ce-9f23-ae9983cf8c86}</UniqueIdentifier>
    </Filter>
    <Filter Include="Source\Developer\Object\Object3D">
      <UniqueIdentifier>{ac670bac-76b7-4485-be61-793c005e8cdf}</UniqueIdentifier>
    </Filter>
    <Filter Include="Source\Developer\Object\Object2D">
      <UniqueIdentifier>{f53c939f-8689-4e71-8f1e-76adc2adba10}</UniqueIdentifier>
    </Filter>
    <Filter Include="Source\Developer\Object\Other">
      <UniqueIdentifier>{39eabe2a-4601-4599-a0bc-87a28b0c2e44}</UniqueIdentifier>
    </Filter>
    <Filter Include="Header\Developer\Object">
      <UniqueIdentifier>{caa4cac8-a121-40ae-a325-bb27cdcea57d}</UniqueIdentifier>
    </Filter>
    <Filter Include="Header\Developer\Object\Object3D">
      <UniqueIdentifier>{77c437cb-71c6-4003-9cb4-b1fa2f2d2796}</UniqueIdentifier>
    </Filter>
    <Filter Include="Header\Developer\Object\Object2D">
      <UniqueIdentifier>{27f66026-8aa8-4bfd-9e12-a340ca0bed29}</UniqueIdentifier>
    </Filter>
    <Filter Include="Header\Developer\Object\Other">
      <UniqueIdentifier>{4a7d6d31-2394-4009-9928-b7ca79df5161}</UniqueIdentifier>
    </Filter>
    <Filter Include="Source\Developer\Math">
      <UniqueIdentifier>{1372c687-48b5-4467-9b55-0b4b24d494db}</UniqueIdentifier>
    </Filter>
    <Filter Include="Header\Developer\Math">
      <UniqueIdentifier>{590935c1-a828-435e-8837-a3f876a738f6}</UniqueIdentifier>
    </Filter>
    <Filter Include="Source\Developer\Debug">
      <UniqueIdentifier>{dea8a3b4-6a87-470c-aacd-5fb18e84c25e}</UniqueIdentifier>
    </Filter>
    <Filter Include="Header\Developer\Debug">
      <UniqueIdentifier>{57813e76-e1c1-4b39-b6a1-2e767e0fd812}</UniqueIdentifier>
    </Filter>
  </ItemGroup>
  <ItemGroup>
    <ClCompile Include="ImGUI\imgui.cpp">
      <Filter>ImGUI</Filter>
    </ClCompile>
    <ClCompile Include="ImGUI\imgui_demo.cpp">
      <Filter>ImGUI</Filter>
    </ClCompile>
    <ClCompile Include="ImGUI\imgui_draw.cpp">
      <Filter>ImGUI</Filter>
    </ClCompile>
    <ClCompile Include="ImGUI\imgui_impl_dx12.cpp">
      <Filter>ImGUI</Filter>
    </ClCompile>
    <ClCompile Include="ImGUI\imgui_impl_win32.cpp">
      <Filter>ImGUI</Filter>
    </ClCompile>
    <ClCompile Include="ImGUI\imgui_tables.cpp">
      <Filter>ImGUI</Filter>
    </ClCompile>
    <ClCompile Include="ImGUI\imgui_widgets.cpp">
      <Filter>ImGUI</Filter>
    </ClCompile>
    <ClCompile Include="Source\main.cpp">
      <Filter>Source</Filter>
    </ClCompile>
    <ClCompile Include="Source\main2.cpp">
      <Filter>Source</Filter>
    </ClCompile>
    <ClCompile Include="Source\NewEngine.cpp">
      <Filter>Source</Filter>
    </ClCompile>
    <ClCompile Include="Source\Sound.cpp">
      <Filter>Source</Filter>
    </ClCompile>
    <ClCompile Include="Source\Transform.cpp">
      <Filter>Source</Filter>
    </ClCompile>
    <ClCompile Include="Source\ViewProjection.cpp">
      <Filter>Source</Filter>
    </ClCompile>
    <ClCompile Include="Source\ConstantBuffer.cpp">
      <Filter>Source\NewEngine\Buffer</Filter>
    </ClCompile>
    <ClCompile Include="Source\DepthBuffer.cpp">
      <Filter>Source\NewEngine\Buffer</Filter>
    </ClCompile>
    <ClCompile Include="Source\IndexBuffer.cpp">
      <Filter>Source\NewEngine\Buffer</Filter>
    </ClCompile>
    <ClCompile Include="Source\TextureBuffer.cpp">
      <Filter>Source\NewEngine\Buffer</Filter>
    </ClCompile>
    <ClCompile Include="Source\VertexBuffer.cpp">
      <Filter>Source\NewEngine\Buffer</Filter>
    </ClCompile>
    <ClCompile Include="Source\GraphicsCommand.cpp">
      <Filter>Source\NewEngine</Filter>
    </ClCompile>
    <ClCompile Include="Source\GraphicsPipeline2D.cpp">
      <Filter>Source\NewEngine</Filter>
    </ClCompile>
    <ClCompile Include="Source\GraphicsPipeline3D.cpp">
      <Filter>Source\NewEngine</Filter>
    </ClCompile>
    <ClCompile Include="Source\NewEngineWindow.cpp">
      <Filter>Source\NewEngine</Filter>
    </ClCompile>
    <ClCompile Include="Source\RootSignature.cpp">
      <Filter>Source\NewEngine</Filter>
    </ClCompile>
    <ClCompile Include="Source\ScissorRectangle.cpp">
      <Filter>Source\NewEngine</Filter>
    </ClCompile>
    <ClCompile Include="Source\ShaderCompiler.cpp">
      <Filter>Source\NewEngine</Filter>
    </ClCompile>
    <ClCompile Include="Source\ShaderResourceView.cpp">
      <Filter>Source\NewEngine</Filter>
    </ClCompile>
    <ClCompile Include="Source\Viewport.cpp">
      <Filter>Source\NewEngine</Filter>
    </ClCompile>
    <ClCompile Include="NewEngine\Gui\Source\DebugLayer.cpp">
      <Filter>Source\Gui</Filter>
    </ClCompile>
    <ClCompile Include="NewEngine\Gui\Source\HierarchyLayer.cpp">
      <Filter>Source\Gui</Filter>
    </ClCompile>
    <ClCompile Include="NewEngine\Gui\Source\MainLayer.cpp">
      <Filter>Source\Gui</Filter>
    </ClCompile>
    <ClCompile Include="NewEngine\Gui\Source\GuiManager.cpp">
      <Filter>Source\Gui</Filter>
    </ClCompile>
    <ClCompile Include="NewEngine\Gui\Source\ProjectLayer.cpp">
      <Filter>Source\Gui</Filter>
    </ClCompile>
    <ClCompile Include="NewEngine\Gui\Source\SceneLayer.cpp">
      <Filter>Source\Gui</Filter>
    </ClCompile>
    <ClCompile Include="NewEngine\Render\Source\NewEngineBase.cpp">
      <Filter>Source\Render</Filter>
    </ClCompile>
    <ClCompile Include="NewEngine\Source\Developer\Input\InputManager.cpp">
      <Filter>Source\Developer\Input</Filter>
    </ClCompile>
    <ClCompile Include="NewEngine\Source\Developer\Input\JoypadInput.cpp">
      <Filter>Source\Developer\Input</Filter>
    </ClCompile>
    <ClCompile Include="NewEngine\Source\Developer\Input\KeyBoardInput.cpp">
      <Filter>Source\Developer\Input</Filter>
    </ClCompile>
    <ClCompile Include="NewEngine\Source\Developer\Input\MouseInput.cpp">
      <Filter>Source\Developer\Input</Filter>
    </ClCompile>
    <ClCompile Include="NewEngine\Source\Developer\Util\Color.cpp">
      <Filter>Source\Developer\Util</Filter>
    </ClCompile>
    <ClCompile Include="NewEngine\Source\Developer\Util\Random.cpp">
      <Filter>Source\Developer\Util</Filter>
    </ClCompile>
    <ClCompile Include="NewEngine\Source\Developer\Util\Util.cpp">
      <Filter>Source\Developer\Util</Filter>
    </ClCompile>
    <ClCompile Include="NewEngine\Source\Developer\Object\Object2D\Square.cpp">
      <Filter>Source\Developer\Object\Object2D</Filter>
    </ClCompile>
    <ClCompile Include="NewEngine\Source\Developer\Object\Object3D\Cube.cpp">
      <Filter>Source\Developer\Object\Object3D</Filter>
    </ClCompile>
    <ClCompile Include="NewEngine\Source\Developer\Object\Object3D\Object3D.cpp">
      <Filter>Source\Developer\Object\Object3D</Filter>
    </ClCompile>
    <ClCompile Include="NewEngine\Source\Developer\Object\Other\DrawManager.cpp">
      <Filter>Source\Developer\Object\Other</Filter>
    </ClCompile>
    <ClCompile Include="NewEngine\Source\Developer\Object\Other\ObjectManager.cpp">
      <Filter>Source\Developer\Object\Other</Filter>
    </ClCompile>
    <ClCompile Include="NewEngine\Source\Developer\Math\Mat4.cpp">
      <Filter>Source\Developer\Math</Filter>
    </ClCompile>
    <ClCompile Include="NewEngine\Source\Developer\Math\MathUtil.cpp">
      <Filter>Source\Developer\Math</Filter>
    </ClCompile>
    <ClCompile Include="NewEngine\Source\Developer\Math\Vec2.cpp">
      <Filter>Source\Developer\Math</Filter>
    </ClCompile>
    <ClCompile Include="NewEngine\Source\Developer\Math\Vec3.cpp">
      <Filter>Source\Developer\Math</Filter>
    </ClCompile>
    <ClCompile Include="NewEngine\Source\Developer\Math\Vec4.cpp">
      <Filter>Source\Developer\Math</Filter>
    </ClCompile>
    <ClCompile Include="NewEngine\Source\Developer\Debug\DebugManager.cpp">
      <Filter>Source\Developer\Debug</Filter>
    </ClCompile>
    <ClCompile Include="NewEngine\Source\Developer\Debug\DebugText.cpp">
      <Filter>Source\Developer\Debug</Filter>
    </ClCompile>
  </ItemGroup>
  <ItemGroup>
    <FxCompile Include="BasicPS.hlsl">
      <Filter>シェーダーファイル</Filter>
    </FxCompile>
    <FxCompile Include="BasicVS.hlsl">
      <Filter>シェーダーファイル</Filter>
    </FxCompile>
    <FxCompile Include="BasicPS2.hlsl">
      <Filter>シェーダーファイル</Filter>
    </FxCompile>
  </ItemGroup>
  <ItemGroup>
    <ClInclude Include="ImGUI\imconfig.h">
      <Filter>ImGUI</Filter>
    </ClInclude>
    <ClInclude Include="ImGUI\imgui.h">
      <Filter>ImGUI</Filter>
    </ClInclude>
    <ClInclude Include="ImGUI\imgui_impl_dx12.h">
      <Filter>ImGUI</Filter>
    </ClInclude>
    <ClInclude Include="ImGUI\imgui_impl_win32.h">
      <Filter>ImGUI</Filter>
    </ClInclude>
    <ClInclude Include="ImGUI\imgui_internal.h">
      <Filter>ImGUI</Filter>
    </ClInclude>
    <ClInclude Include="ImGUI\imstb_rectpack.h">
      <Filter>ImGUI</Filter>
    </ClInclude>
    <ClInclude Include="ImGUI\imstb_textedit.h">
      <Filter>ImGUI</Filter>
    </ClInclude>
    <ClInclude Include="ImGUI\imstb_truetype.h">
      <Filter>ImGUI</Filter>
    </ClInclude>
    <ClInclude Include="Header\main2.h">
      <Filter>Header</Filter>
    </ClInclude>
    <ClInclude Include="Header\Sound.h">
      <Filter>Header</Filter>
    </ClInclude>
    <ClInclude Include="Header\Transform.h">
      <Filter>Header</Filter>
    </ClInclude>
    <ClInclude Include="Header\ViewProjection.h">
      <Filter>Header</Filter>
    </ClInclude>
    <ClInclude Include="Header\ConstantBuffer.h">
      <Filter>Header\NewEngine\Buffer</Filter>
    </ClInclude>
    <ClInclude Include="Header\DepthBuffer.h">
      <Filter>Header\NewEngine\Buffer</Filter>
    </ClInclude>
    <ClInclude Include="Header\VertexBuffer.h">
      <Filter>Header\NewEngine\Buffer</Filter>
    </ClInclude>
    <ClInclude Include="Header\IndexBuffer.h">
      <Filter>Header\NewEngine\Buffer</Filter>
    </ClInclude>
    <ClInclude Include="Header\TextureBuffer.h">
      <Filter>Header\NewEngine\Buffer</Filter>
    </ClInclude>
    <ClInclude Include="Header\GraphicsPipeline2D.h">
      <Filter>Header\NewEngine</Filter>
    </ClInclude>
    <ClInclude Include="Header\GraphicsPipeline3D.h">
      <Filter>Header\NewEngine</Filter>
    </ClInclude>
    <ClInclude Include="Header\GraphicsCommand.h">
      <Filter>Header\NewEngine</Filter>
    </ClInclude>
    <ClInclude Include="Header\NewEngineWindow.h">
      <Filter>Header\NewEngine</Filter>
    </ClInclude>
    <ClInclude Include="Header\RootSignature.h">
      <Filter>Header\NewEngine</Filter>
    </ClInclude>
    <ClInclude Include="Header\ScissorRectangle.h">
      <Filter>Header\NewEngine</Filter>
    </ClInclude>
    <ClInclude Include="Header\ShaderResourceView.h">
      <Filter>Header\NewEngine</Filter>
    </ClInclude>
    <ClInclude Include="Header\ShaderCompiler.h">
      <Filter>Header\NewEngine</Filter>
    </ClInclude>
    <ClInclude Include="Header\Vertex.h">
      <Filter>Header\NewEngine</Filter>
    </ClInclude>
    <ClInclude Include="Header\Viewport.h">
      <Filter>Header\NewEngine</Filter>
    </ClInclude>
    <ClInclude Include="NewEngine\Gui\Header\DebugLayer.h">
      <Filter>Header\GUII</Filter>
    </ClInclude>
    <ClInclude Include="NewEngine\Gui\Header\HierarchyLayer.h">
      <Filter>Header\GUII</Filter>
    </ClInclude>
    <ClInclude Include="NewEngine\Gui\Header\ILayer.h">
      <Filter>Header\GUII</Filter>
    </ClInclude>
    <ClInclude Include="NewEngine\Gui\Header\MainLayer.h">
      <Filter>Header\GUII</Filter>
    </ClInclude>
    <ClInclude Include="NewEngine\Gui\Header\GuiManager.h">
      <Filter>Header\GUII</Filter>
    </ClInclude>
    <ClInclude Include="NewEngine\Gui\Header\ProjectLayer.h">
      <Filter>Header\GUII</Filter>
    </ClInclude>
    <ClInclude Include="NewEngine\Gui\Header\SceneLayer.h">
      <Filter>Header\GUII</Filter>
    </ClInclude>
    <ClInclude Include="NewEngine\Render\Header\NewEngineBase.h">
      <Filter>Header\Render</Filter>
    </ClInclude>
    <ClInclude Include="NewEngine\Header\Developer\Input\InputManager.h">
      <Filter>Header\Developer\Input</Filter>
    </ClInclude>
    <ClInclude Include="NewEngine\Header\Developer\Input\JoypadInput.h">
      <Filter>Header\Developer\Input</Filter>
    </ClInclude>
    <ClInclude Include="NewEngine\Header\Developer\Input\KeyBoardInput.h">
      <Filter>Header\Developer\Input</Filter>
    </ClInclude>
    <ClInclude Include="NewEngine\Header\Developer\Input\MouseInput.h">
      <Filter>Header\Developer\Input</Filter>
    </ClInclude>
    <ClInclude Include="NewEngine\Header\Developer\Util\Util.h">
      <Filter>Header\Developer\Util</Filter>
    </ClInclude>
    <ClInclude Include="NewEngine\Header\Developer\Util\Color.h">
      <Filter>Header\Developer\Util</Filter>
    </ClInclude>
    <ClInclude Include="NewEngine\Header\Developer\Util\Random.h">
      <Filter>Header\Developer\Util</Filter>
    </ClInclude>
    <ClInclude Include="NewEngine\Header\Developer\Object\Object2D\Square.h">
      <Filter>Header\Developer\Object\Object2D</Filter>
    </ClInclude>
    <ClInclude Include="NewEngine\Header\Developer\Object\Object3D\Cube.h">
      <Filter>Header\Developer\Object\Object3D</Filter>
    </ClInclude>
    <ClInclude Include="NewEngine\Header\Developer\Object\Object3D\Object3D.h">
      <Filter>Header\Developer\Object\Object3D</Filter>
    </ClInclude>
    <ClInclude Include="NewEngine\Header\Developer\Object\Other\DrawManager.h">
      <Filter>Header\Developer\Object\Other</Filter>
    </ClInclude>
    <ClInclude Include="NewEngine\Header\Developer\Object\Other\ObjectManager.h">
      <Filter>Header\Developer\Object\Other</Filter>
    </ClInclude>
    <ClInclude Include="NewEngine\Header\Developer\Math\Mat4.h">
      <Filter>Header\Developer\Math</Filter>
    </ClInclude>
    <ClInclude Include="NewEngine\Header\Developer\Math\MathUtil.h">
      <Filter>Header\Developer\Math</Filter>
    </ClInclude>
    <ClInclude Include="NewEngine\Header\Developer\Math\Vec2.h">
      <Filter>Header\Developer\Math</Filter>
    </ClInclude>
    <ClInclude Include="NewEngine\Header\Developer\Math\Vec3.h">
      <Filter>Header\Developer\Math</Filter>
    </ClInclude>
    <ClInclude Include="NewEngine\Header\Developer\Math\Vec4.h">
      <Filter>Header\Developer\Math</Filter>
    </ClInclude>
    <ClInclude Include="Header\NewEngine.h">
      <Filter>Source</Filter>
    </ClInclude>
    <ClInclude Include="NewEngine\Header\Developer\Debug\DebugManager.h">
      <Filter>Header\Developer\Debug</Filter>
    </ClInclude>
    <ClInclude Include="NewEngine\Header\Developer\Debug\DebugText.h">
      <Filter>Header\Developer\Debug</Filter>
    </ClInclude>
  </ItemGroup>
  <ItemGroup>
    <None Include="Basic.hlsli">
      <Filter>シェーダーファイル</Filter>
    </None>
  </ItemGroup>
</Project>